
Microsoft Visual Studio Solution File, Format Version 12.00
# Visual Studio Version 17
VisualStudioVersion = 17.8.34330.188
MinimumVisualStudioVersion = 10.0.40219.1
Project("{9A19103F-16F7-4668-BE54-9A1E7A4F7556}") = "Kalamarket.Web", "Kalamarket.Web\Kalamarket.Web.csproj", "{D42C2B15-9B27-4BF5-82F4-BD97F7A12D5D}"
EndProject
Project("{9A19103F-16F7-4668-BE54-9A1E7A4F7556}") = "Kalamarket.Core", "Kalamarket.Core\Kalamarket.Core.csproj", "{1D485D1B-3C35-47EB-9641-71BF9B1D39A5}"
EndProject
Project("{9A19103F-16F7-4668-BE54-9A1E7A4F7556}") = "Kalamarket.DataLayer", "Kalamarket.DataLayer\Kalamarket.DataLayer.csproj", "{2D5CA6B5-30C7-469B-9A51-6EE5329B0859}"
EndProject
Global
	GlobalSection(SolutionConfigurationPlatforms) = preSolution
		Debug|Any CPU = Debug|Any CPU
		Release|Any CPU = Release|Any CPU
	EndGlobalSection
	GlobalSection(ProjectConfigurationPlatforms) = postSolution
		{D42C2B15-9B27-4BF5-82F4-BD97F7A12D5D}.Debug|Any CPU.ActiveCfg = Debug|Any CPU
		{D42C2B15-9B27-4BF5-82F4-BD97F7A12D5D}.Debug|Any CPU.Build.0 = Debug|Any CPU
		{D42C2B15-9B27-4BF5-82F4-BD97F7A12D5D}.Release|Any CPU.ActiveCfg = Release|Any CPU
		{D42C2B15-9B27-4BF5-82F4-BD97F7A12D5D}.Release|Any CPU.Build.0 = Release|Any CPU
		{1D485D1B-3C35-47EB-9641-71BF9B1D39A5}.Debug|Any CPU.ActiveCfg = Debug|Any CPU
		{1D485D1B-3C35-47EB-9641-71BF9B1D39A5}.Debug|Any CPU.Build.0 = Debug|Any CPU
		{1D485D1B-3C35-47EB-9641-71BF9B1D39A5}.Release|Any CPU.ActiveCfg = Release|Any CPU
		{1D485D1B-3C35-47EB-9641-71BF9B1D39A5}.Release|Any CPU.Build.0 = Release|Any CPU
		{2D5CA6B5-30C7-469B-9A51-6EE5329B0859}.Debug|Any CPU.ActiveCfg = Debug|Any CPU
		{2D5CA6B5-30C7-469B-9A51-6EE5329B0859}.Debug|Any CPU.Build.0 = Debug|Any CPU
		{2D5CA6B5-30C7-469B-9A51-6EE5329B0859}.Release|Any CPU.ActiveCfg = Release|Any CPU
		{2D5CA6B5-30C7-469B-9A51-6EE5329B0859}.Release|Any CPU.Build.0 = Release|Any CPU
	EndGlobalSection
	GlobalSection(SolutionProperties) = preSolution
		HideSolutionNode = FALSE
	EndGlobalSection
	GlobalSection(ExtensibilityGlobals) = postSolution
		SolutionGuid = {0E4F57A3-422B-4B46-BD3F-93F1CE16FCC3}
	EndGlobalSection
EndGlobal
